
Microsoft Visual Studio Solution File, Format Version 12.00
# Visual Studio Version 16
VisualStudioVersion = 16.0.30804.86
MinimumVisualStudioVersion = 10.0.40219.1
Project("{FAE04EC0-301F-11D3-BF4B-00C04F79EFBC}") = "ShivFactory", "ShivFactory\ShivFactory.csproj", "{DD2D4567-418B-4CE9-932A-73F99B9A5CF5}"
EndProject
Project("{FAE04EC0-301F-11D3-BF4B-00C04F79EFBC}") = "DataLibrary.DL", "DataLibrary.DL\DataLibrary.DL.csproj", "{386830BD-5CF1-455F-8482-51416AC87EBE}"
EndProject
Project("{FAE04EC0-301F-11D3-BF4B-00C04F79EFBC}") = "ShivFactory.Business", "ShivFactory.Business\ShivFactory.Business.csproj", "{3E7E2AF1-0BB6-4CD5-BEEA-E8184EA29A12}"
EndProject
Global
	GlobalSection(SolutionConfigurationPlatforms) = preSolution
		Debug|Any CPU = Debug|Any CPU
		Release|Any CPU = Release|Any CPU
	EndGlobalSection
	GlobalSection(ProjectConfigurationPlatforms) = postSolution
		{DD2D4567-418B-4CE9-932A-73F99B9A5CF5}.Debug|Any CPU.ActiveCfg = Release|Any CPU
		{DD2D4567-418B-4CE9-932A-73F99B9A5CF5}.Debug|Any CPU.Build.0 = Release|Any CPU
		{DD2D4567-418B-4CE9-932A-73F99B9A5CF5}.Release|Any CPU.ActiveCfg = Release|Any CPU
		{DD2D4567-418B-4CE9-932A-73F99B9A5CF5}.Release|Any CPU.Build.0 = Release|Any CPU
		{386830BD-5CF1-455F-8482-51416AC87EBE}.Debug|Any CPU.ActiveCfg = Release|Any CPU
		{386830BD-5CF1-455F-8482-51416AC87EBE}.Debug|Any CPU.Build.0 = Release|Any CPU
		{386830BD-5CF1-455F-8482-51416AC87EBE}.Release|Any CPU.ActiveCfg = Release|Any CPU
		{386830BD-5CF1-455F-8482-51416AC87EBE}.Release|Any CPU.Build.0 = Release|Any CPU
		{3E7E2AF1-0BB6-4CD5-BEEA-E8184EA29A12}.Debug|Any CPU.ActiveCfg = Release|Any CPU
		{3E7E2AF1-0BB6-4CD5-BEEA-E8184EA29A12}.Debug|Any CPU.Build.0 = Release|Any CPU
		{3E7E2AF1-0BB6-4CD5-BEEA-E8184EA29A12}.Release|Any CPU.ActiveCfg = Release|Any CPU
		{3E7E2AF1-0BB6-4CD5-BEEA-E8184EA29A12}.Release|Any CPU.Build.0 = Release|Any CPU
	EndGlobalSection
	GlobalSection(SolutionProperties) = preSolution
		HideSolutionNode = FALSE
	EndGlobalSection
	GlobalSection(ExtensibilityGlobals) = postSolution
		SolutionGuid = {4B832DEA-F8D2-4C49-860C-1F8CF31D8450}
	EndGlobalSection
EndGlobal
